
Microsoft Visual Studio Solution File, Format Version 12.00
# Visual Studio 15
VisualStudioVersion = 15.0.27004.2010
MinimumVisualStudioVersion = 10.0.40219.1
Project("{FAE04EC0-301F-11D3-BF4B-00C04F79EFBC}") = "PTDProject", "PTDProject\PTDProject.csproj", "{555752AE-F5DE-4674-9B2E-0FCBA56C5BD8}"
EndProject
Project("{FAE04EC0-301F-11D3-BF4B-00C04F79EFBC}") = "DomainPTD", "DomainPTD\DomainPTD.csproj", "{E9208049-0DBA-4D40-82DB-29F463E41D6F}"
EndProject
Project("{FAE04EC0-301F-11D3-BF4B-00C04F79EFBC}") = "FuncionalPTD", "FuncionalPTD\FuncionalPTD.csproj", "{752AAA97-E9F2-45E0-8FB1-B6883DA957FE}"
EndProject
Project("{FAE04EC0-301F-11D3-BF4B-00C04F79EFBC}") = "DogsViewModel", "DogsViewModel\DogsViewModel\DogsViewModel.csproj", "{83B834B2-697D-4358-B4D1-0434B5B8451A}"
EndProject
Global
	GlobalSection(SolutionConfigurationPlatforms) = preSolution
		Debug|Any CPU = Debug|Any CPU
		Release|Any CPU = Release|Any CPU
	EndGlobalSection
	GlobalSection(ProjectConfigurationPlatforms) = postSolution
		{555752AE-F5DE-4674-9B2E-0FCBA56C5BD8}.Debug|Any CPU.ActiveCfg = Debug|Any CPU
		{555752AE-F5DE-4674-9B2E-0FCBA56C5BD8}.Debug|Any CPU.Build.0 = Debug|Any CPU
		{555752AE-F5DE-4674-9B2E-0FCBA56C5BD8}.Release|Any CPU.ActiveCfg = Release|Any CPU
		{555752AE-F5DE-4674-9B2E-0FCBA56C5BD8}.Release|Any CPU.Build.0 = Release|Any CPU
		{E9208049-0DBA-4D40-82DB-29F463E41D6F}.Debug|Any CPU.ActiveCfg = Debug|Any CPU
		{E9208049-0DBA-4D40-82DB-29F463E41D6F}.Debug|Any CPU.Build.0 = Debug|Any CPU
		{E9208049-0DBA-4D40-82DB-29F463E41D6F}.Release|Any CPU.ActiveCfg = Release|Any CPU
		{E9208049-0DBA-4D40-82DB-29F463E41D6F}.Release|Any CPU.Build.0 = Release|Any CPU
		{752AAA97-E9F2-45E0-8FB1-B6883DA957FE}.Debug|Any CPU.ActiveCfg = Debug|Any CPU
		{752AAA97-E9F2-45E0-8FB1-B6883DA957FE}.Debug|Any CPU.Build.0 = Debug|Any CPU
		{752AAA97-E9F2-45E0-8FB1-B6883DA957FE}.Release|Any CPU.ActiveCfg = Release|Any CPU
		{752AAA97-E9F2-45E0-8FB1-B6883DA957FE}.Release|Any CPU.Build.0 = Release|Any CPU
		{83B834B2-697D-4358-B4D1-0434B5B8451A}.Debug|Any CPU.ActiveCfg = Debug|Any CPU
		{83B834B2-697D-4358-B4D1-0434B5B8451A}.Debug|Any CPU.Build.0 = Debug|Any CPU
		{83B834B2-697D-4358-B4D1-0434B5B8451A}.Release|Any CPU.ActiveCfg = Release|Any CPU
		{83B834B2-697D-4358-B4D1-0434B5B8451A}.Release|Any CPU.Build.0 = Release|Any CPU
	EndGlobalSection
	GlobalSection(SolutionProperties) = preSolution
		HideSolutionNode = FALSE
	EndGlobalSection
	GlobalSection(ExtensibilityGlobals) = postSolution
		SolutionGuid = {84E010B9-0029-480C-9989-3709C8D0EFF7}
	EndGlobalSection
EndGlobal
